
Microsoft Visual Studio Solution File, Format Version 12.00
Project("{2150E333-8FDC-42A3-9474-1A3956D46DE8}") = "src", "src", "{07844D4C-4618-40A2-9C0D-B8F56E592B86}"
EndProject
Project("{FAE04EC0-301F-11D3-BF4B-00C04F79EFBC}") = "ExpenseTracker.WebApi", "src\backend\ExpenseTracker.WebApi\ExpenseTracker.WebApi.csproj", "{9075F1E9-D152-4119-91FE-B4AA2AEBF3B0}"
EndProject
Project("{2150E333-8FDC-42A3-9474-1A3956D46DE8}") = "plugins", "plugins", "{7D504F8E-F6C5-4461-815C-A59838B59579}"
EndProject
Project("{2150E333-8FDC-42A3-9474-1A3956D46DE8}") = "backend", "backend", "{26BF3990-97B3-40E0-9543-D4F6CAC2CB38}"
EndProject
Project("{2150E333-8FDC-42A3-9474-1A3956D46DE8}") = "clients", "clients", "{9A30BE67-671D-46FE-A9D2-2E800D8EC468}"
EndProject
Project("{FAE04EC0-301F-11D3-BF4B-00C04F79EFBC}") = "Subscriptions", "src\backend\plugins\Subscriptions\Subscriptions.csproj", "{2B3735C6-761C-4C5D-AD50-25F674BF66F2}"
EndProject
Project("{2150E333-8FDC-42A3-9474-1A3956D46DE8}") = "solution", "solution", "{733D2109-0C20-4D7A-8D09-45C98A446CEA}"
	ProjectSection(SolutionItems) = preProject
		Directory.Packages.props = Directory.Packages.props
		Directory.Build.props = Directory.Build.props
		.gitignore = .gitignore
	EndProjectSection
EndProject
Project("{2150E333-8FDC-42A3-9474-1A3956D46DE8}") = "pipelines", "pipelines", "{8CAA90CB-7590-4E18-81CC-8D61E072A1D1}"
	ProjectSection(SolutionItems) = preProject
		pipelines\azure-pipelines.yml = pipelines\azure-pipelines.yml
		pipelines\main.bicep = pipelines\main.bicep
	EndProjectSection
EndProject
Global
	GlobalSection(SolutionConfigurationPlatforms) = preSolution
		Debug|Any CPU = Debug|Any CPU
		Release|Any CPU = Release|Any CPU
	EndGlobalSection
	GlobalSection(NestedProjects) = preSolution
		{26BF3990-97B3-40E0-9543-D4F6CAC2CB38} = {07844D4C-4618-40A2-9C0D-B8F56E592B86}
		{9A30BE67-671D-46FE-A9D2-2E800D8EC468} = {07844D4C-4618-40A2-9C0D-B8F56E592B86}
		{9075F1E9-D152-4119-91FE-B4AA2AEBF3B0} = {26BF3990-97B3-40E0-9543-D4F6CAC2CB38}
		{7D504F8E-F6C5-4461-815C-A59838B59579} = {26BF3990-97B3-40E0-9543-D4F6CAC2CB38}
		{2B3735C6-761C-4C5D-AD50-25F674BF66F2} = {7D504F8E-F6C5-4461-815C-A59838B59579}
	EndGlobalSection
	GlobalSection(ProjectConfigurationPlatforms) = postSolution
		{9075F1E9-D152-4119-91FE-B4AA2AEBF3B0}.Debug|Any CPU.ActiveCfg = Debug|Any CPU
		{9075F1E9-D152-4119-91FE-B4AA2AEBF3B0}.Debug|Any CPU.Build.0 = Debug|Any CPU
		{9075F1E9-D152-4119-91FE-B4AA2AEBF3B0}.Release|Any CPU.ActiveCfg = Release|Any CPU
		{9075F1E9-D152-4119-91FE-B4AA2AEBF3B0}.Release|Any CPU.Build.0 = Release|Any CPU
		{2B3735C6-761C-4C5D-AD50-25F674BF66F2}.Debug|Any CPU.ActiveCfg = Debug|Any CPU
		{2B3735C6-761C-4C5D-AD50-25F674BF66F2}.Debug|Any CPU.Build.0 = Debug|Any CPU
		{2B3735C6-761C-4C5D-AD50-25F674BF66F2}.Release|Any CPU.ActiveCfg = Release|Any CPU
		{2B3735C6-761C-4C5D-AD50-25F674BF66F2}.Release|Any CPU.Build.0 = Release|Any CPU
	EndGlobalSection
EndGlobal
